
Microsoft Visual Studio Solution File, Format Version 12.00
# Visual Studio Version 16
VisualStudioVersion = 16.0.30804.86
MinimumVisualStudioVersion = 10.0.40219.1
Project("{9A19103F-16F7-4668-BE54-9A1E7A4F7556}") = "DTT.BookStore.API", "DTT.BookStore.API\DTT.BookStore.API.csproj", "{0ED283F1-6799-44DD-9703-DB6D80C250F4}"
EndProject
Project("{9A19103F-16F7-4668-BE54-9A1E7A4F7556}") = "DTT.BookStore.Core", "DTT.BookStore.Core\DTT.BookStore.Core.csproj", "{5B937B49-37CC-4273-9AD9-37063B8EF139}"
EndProject
Project("{9A19103F-16F7-4668-BE54-9A1E7A4F7556}") = "DTT.BookStore.Infrastructure", "DTT.BookStore.Infrastructure\DTT.BookStore.Infrastructure.csproj", "{C80F0B2E-1091-48A6-96C5-03866D0899FA}"
EndProject
Global
	GlobalSection(SolutionConfigurationPlatforms) = preSolution
		Debug|Any CPU = Debug|Any CPU
		Release|Any CPU = Release|Any CPU
	EndGlobalSection
	GlobalSection(ProjectConfigurationPlatforms) = postSolution
		{0ED283F1-6799-44DD-9703-DB6D80C250F4}.Debug|Any CPU.ActiveCfg = Debug|Any CPU
		{0ED283F1-6799-44DD-9703-DB6D80C250F4}.Debug|Any CPU.Build.0 = Debug|Any CPU
		{0ED283F1-6799-44DD-9703-DB6D80C250F4}.Release|Any CPU.ActiveCfg = Release|Any CPU
		{0ED283F1-6799-44DD-9703-DB6D80C250F4}.Release|Any CPU.Build.0 = Release|Any CPU
		{5B937B49-37CC-4273-9AD9-37063B8EF139}.Debug|Any CPU.ActiveCfg = Debug|Any CPU
		{5B937B49-37CC-4273-9AD9-37063B8EF139}.Debug|Any CPU.Build.0 = Debug|Any CPU
		{5B937B49-37CC-4273-9AD9-37063B8EF139}.Release|Any CPU.ActiveCfg = Release|Any CPU
		{5B937B49-37CC-4273-9AD9-37063B8EF139}.Release|Any CPU.Build.0 = Release|Any CPU
		{C80F0B2E-1091-48A6-96C5-03866D0899FA}.Debug|Any CPU.ActiveCfg = Debug|Any CPU
		{C80F0B2E-1091-48A6-96C5-03866D0899FA}.Debug|Any CPU.Build.0 = Debug|Any CPU
		{C80F0B2E-1091-48A6-96C5-03866D0899FA}.Release|Any CPU.ActiveCfg = Release|Any CPU
		{C80F0B2E-1091-48A6-96C5-03866D0899FA}.Release|Any CPU.Build.0 = Release|Any CPU
	EndGlobalSection
	GlobalSection(SolutionProperties) = preSolution
		HideSolutionNode = FALSE
	EndGlobalSection
	GlobalSection(ExtensibilityGlobals) = postSolution
		SolutionGuid = {46146063-32AE-44EA-8FF2-BB4587078F4C}
	EndGlobalSection
EndGlobal
